
Microsoft Visual Studio Solution File, Format Version 12.00
# Visual Studio Version 17
VisualStudioVersion = 17.3.32901.215
MinimumVisualStudioVersion = 10.0.40219.1
Project("{FAE04EC0-301F-11D3-BF4B-00C04F79EFBC}") = "ClientConvertisseurV1", "ClientConvertisseurV1.csproj", "{9BF14402-BBA4-40D6-AD07-E6776DEE918E}"
EndProject
Project("{FAE04EC0-301F-11D3-BF4B-00C04F79EFBC}") = "ClientConvertisseurV2", "..\ClientConvertisseurV2\ClientConvertisseurV2.csproj", "{FE635381-9326-483A-B5CA-A036952C8771}"
EndProject
Global
	GlobalSection(SolutionConfigurationPlatforms) = preSolution
		Debug|arm64 = Debug|arm64
		Debug|x64 = Debug|x64
		Debug|x86 = Debug|x86
		Release|arm64 = Release|arm64
		Release|x64 = Release|x64
		Release|x86 = Release|x86
	EndGlobalSection
	GlobalSection(ProjectConfigurationPlatforms) = postSolution
		{9BF14402-BBA4-40D6-AD07-E6776DEE918E}.Debug|arm64.ActiveCfg = Debug|arm64
		{9BF14402-BBA4-40D6-AD07-E6776DEE918E}.Debug|arm64.Build.0 = Debug|arm64
		{9BF14402-BBA4-40D6-AD07-E6776DEE918E}.Debug|arm64.Deploy.0 = Debug|arm64
		{9BF14402-BBA4-40D6-AD07-E6776DEE918E}.Debug|x64.ActiveCfg = Debug|x64
		{9BF14402-BBA4-40D6-AD07-E6776DEE918E}.Debug|x64.Build.0 = Debug|x64
		{9BF14402-BBA4-40D6-AD07-E6776DEE918E}.Debug|x64.Deploy.0 = Debug|x64
		{9BF14402-BBA4-40D6-AD07-E6776DEE918E}.Debug|x86.ActiveCfg = Debug|x86
		{9BF14402-BBA4-40D6-AD07-E6776DEE918E}.Debug|x86.Build.0 = Debug|x86
		{9BF14402-BBA4-40D6-AD07-E6776DEE918E}.Debug|x86.Deploy.0 = Debug|x86
		{9BF14402-BBA4-40D6-AD07-E6776DEE918E}.Release|arm64.ActiveCfg = Release|arm64
		{9BF14402-BBA4-40D6-AD07-E6776DEE918E}.Release|arm64.Build.0 = Release|arm64
		{9BF14402-BBA4-40D6-AD07-E6776DEE918E}.Release|arm64.Deploy.0 = Release|arm64
		{9BF14402-BBA4-40D6-AD07-E6776DEE918E}.Release|x64.ActiveCfg = Release|x64
		{9BF14402-BBA4-40D6-AD07-E6776DEE918E}.Release|x64.Build.0 = Release|x64
		{9BF14402-BBA4-40D6-AD07-E6776DEE918E}.Release|x64.Deploy.0 = Release|x64
		{9BF14402-BBA4-40D6-AD07-E6776DEE918E}.Release|x86.ActiveCfg = Release|x86
		{9BF14402-BBA4-40D6-AD07-E6776DEE918E}.Release|x86.Build.0 = Release|x86
		{9BF14402-BBA4-40D6-AD07-E6776DEE918E}.Release|x86.Deploy.0 = Release|x86
		{FE635381-9326-483A-B5CA-A036952C8771}.Debug|arm64.ActiveCfg = Debug|arm64
		{FE635381-9326-483A-B5CA-A036952C8771}.Debug|arm64.Build.0 = Debug|arm64
		{FE635381-9326-483A-B5CA-A036952C8771}.Debug|arm64.Deploy.0 = Debug|arm64
		{FE635381-9326-483A-B5CA-A036952C8771}.Debug|x64.ActiveCfg = Debug|x64
		{FE635381-9326-483A-B5CA-A036952C8771}.Debug|x64.Build.0 = Debug|x64
		{FE635381-9326-483A-B5CA-A036952C8771}.Debug|x64.Deploy.0 = Debug|x64
		{FE635381-9326-483A-B5CA-A036952C8771}.Debug|x86.ActiveCfg = Debug|x86
		{FE635381-9326-483A-B5CA-A036952C8771}.Debug|x86.Build.0 = Debug|x86
		{FE635381-9326-483A-B5CA-A036952C8771}.Debug|x86.Deploy.0 = Debug|x86
		{FE635381-9326-483A-B5CA-A036952C8771}.Release|arm64.ActiveCfg = Release|arm64
		{FE635381-9326-483A-B5CA-A036952C8771}.Release|arm64.Build.0 = Release|arm64
		{FE635381-9326-483A-B5CA-A036952C8771}.Release|arm64.Deploy.0 = Release|arm64
		{FE635381-9326-483A-B5CA-A036952C8771}.Release|x64.ActiveCfg = Release|x64
		{FE635381-9326-483A-B5CA-A036952C8771}.Release|x64.Build.0 = Release|x64
		{FE635381-9326-483A-B5CA-A036952C8771}.Release|x64.Deploy.0 = Release|x64
		{FE635381-9326-483A-B5CA-A036952C8771}.Release|x86.ActiveCfg = Release|x86
		{FE635381-9326-483A-B5CA-A036952C8771}.Release|x86.Build.0 = Release|x86
		{FE635381-9326-483A-B5CA-A036952C8771}.Release|x86.Deploy.0 = Release|x86
	EndGlobalSection
	GlobalSection(SolutionProperties) = preSolution
		HideSolutionNode = FALSE
	EndGlobalSection
	GlobalSection(ExtensibilityGlobals) = postSolution
		SolutionGuid = {908195B1-4CDB-47B6-AD9A-2455A9C34380}
	EndGlobalSection
EndGlobal
